# This file is autogenerated, do not edit; changes may be undone by the next 'dep ensure'.


[[projects]]
  branch = "master"
  name = "github.com/hybridgroup/mjpeg"
  packages = ["."]
  revision = "4680f319790ebffe28bbee775ecd1725693731ca"

[[projects]]
  name = "gocv.io/x/gocv"
  packages = ["."]
  revision = "65d6ebdd323af342cc48ac0d146ef7ad16b33fbc"
  version = "v0.9.0"

[solve-meta]
  analyzer-name = "dep"
  analyzer-version = 1
  inputs-digest = "1a6a670a4e2d0a3f378f55fff36258e1b3ea49b7d630efd22edf42b598c620a8"
  solver-name = "gps-cdcl"
  solver-version = 1
